
Microsoft Visual Studio Solution File, Format Version 12.00
# Visual Studio 15
VisualStudioVersion = 15.0.28010.2041
MinimumVisualStudioVersion = 10.0.40219.1
Project("{FAE04EC0-301F-11D3-BF4B-00C04F79EFBC}") = "MeniconHelper", "MeniconHelper\MeniconHelper.csproj", "{10C26987-6EED-462C-A617-C590B7264BF1}"
EndProject
Project("{FAE04EC0-301F-11D3-BF4B-00C04F79EFBC}") = "MeniconHelper.Tests", "MeniconHelper.Tests\MeniconHelper.Tests.csproj", "{6A8F62F1-D0DB-4C28-9709-FB8D76CA3897}"
EndProject
Global
	GlobalSection(SolutionConfigurationPlatforms) = preSolution
		Debug|Any CPU = Debug|Any CPU
		Release|Any CPU = Release|Any CPU
	EndGlobalSection
	GlobalSection(ProjectConfigurationPlatforms) = postSolution
		{10C26987-6EED-462C-A617-C590B7264BF1}.Debug|Any CPU.ActiveCfg = Debug|Any CPU
		{10C26987-6EED-462C-A617-C590B7264BF1}.Debug|Any CPU.Build.0 = Debug|Any CPU
		{10C26987-6EED-462C-A617-C590B7264BF1}.Release|Any CPU.ActiveCfg = Release|Any CPU
		{10C26987-6EED-462C-A617-C590B7264BF1}.Release|Any CPU.Build.0 = Release|Any CPU
		{6A8F62F1-D0DB-4C28-9709-FB8D76CA3897}.Debug|Any CPU.ActiveCfg = Debug|Any CPU
		{6A8F62F1-D0DB-4C28-9709-FB8D76CA3897}.Debug|Any CPU.Build.0 = Debug|Any CPU
		{6A8F62F1-D0DB-4C28-9709-FB8D76CA3897}.Release|Any CPU.ActiveCfg = Release|Any CPU
		{6A8F62F1-D0DB-4C28-9709-FB8D76CA3897}.Release|Any CPU.Build.0 = Release|Any CPU
	EndGlobalSection
	GlobalSection(SolutionProperties) = preSolution
		HideSolutionNode = FALSE
	EndGlobalSection
	GlobalSection(ExtensibilityGlobals) = postSolution
		SolutionGuid = {1ECCCE8A-6CDC-43EB-8B6D-5A3D70BA8CE5}
	EndGlobalSection
EndGlobal
